
Microsoft Visual Studio Solution File, Format Version 12.00
# Visual Studio Version 17
VisualStudioVersion = 17.4.33213.308
MinimumVisualStudioVersion = 10.0.40219.1
Project("{FAE04EC0-301F-11D3-BF4B-00C04F79EFBC}") = "IntegralTradingJS", "IntegralTradingJS.csproj", "{5CCB04B0-9552-45B7-BE37-85CFC79D3C1D}"
EndProject
Global
	GlobalSection(SolutionConfigurationPlatforms) = preSolution
		Debug|Any CPU = Debug|Any CPU
		Release|Any CPU = Release|Any CPU
	EndGlobalSection
	GlobalSection(ProjectConfigurationPlatforms) = postSolution
		{5CCB04B0-9552-45B7-BE37-85CFC79D3C1D}.Debug|Any CPU.ActiveCfg = Debug|Any CPU
		{5CCB04B0-9552-45B7-BE37-85CFC79D3C1D}.Debug|Any CPU.Build.0 = Debug|Any CPU
		{5CCB04B0-9552-45B7-BE37-85CFC79D3C1D}.Release|Any CPU.ActiveCfg = Release|Any CPU
		{5CCB04B0-9552-45B7-BE37-85CFC79D3C1D}.Release|Any CPU.Build.0 = Release|Any CPU
	EndGlobalSection
	GlobalSection(SolutionProperties) = preSolution
		HideSolutionNode = FALSE
	EndGlobalSection
	GlobalSection(ExtensibilityGlobals) = postSolution
		SolutionGuid = {637F7071-E522-44DC-8F45-7A47A24C4CD7}
	EndGlobalSection
EndGlobal
